<?xml version="1.0" encoding="utf-8"?>
<Project ToolsVersion="4.0" xmlns="http://schemas.microsoft.com/developer/msbuild/2003">
  <ItemGroup>
    <Filter Include="Source Files">
      <UniqueIdentifier>{4FC737F1-C7A5-4376-A066-2A32D752A2FF}</UniqueIdentifier>
      <Extensions>cpp;c;cc;cxx;def;odl;idl;hpj;bat;asm;asmx</Extensions>
    </Filter>
    <Filter Include="Source Files\Fonts">
      <UniqueIdentifier>{ea02828f-e152-413d-9bd7-ac7491fefdca}</UniqueIdentifier>
    </Filter>
    <Filter Include="Source Files\PersistenceExample">
      <UniqueIdentifier>{af224431-66fe-4683-8129-20f30196f368}</UniqueIdentifier>
    </Filter>
    <Filter Include="Header Files">
      <UniqueIdentifier>{93995380-89BD-4b04-88EB-625FBE52EBFB}</UniqueIdentifier>
      <Extensions>h;hpp;hxx;hm;inl;inc;xsd</Extensions>
    </Filter>
    <Filter Include="Header Files\Fonts">
      <UniqueIdentifier>{fa420973-5caa-4128-9ba3-df58607c48fe}</UniqueIdentifier>
    </Filter>
    <Filter Include="Header Files\PersistenceExample">
      <UniqueIdentifier>{ffe836c6-b18f-435d-8607-1efbe0675671}</UniqueIdentifier>
    </Filter>
  </ItemGroup>
  <ItemGroup>
    <ClCompile Include="..\..\..\Source\UnitTests\minicppunit.cpp">
      <Filter>Source Files</Filter>
    </ClCompile>
    <ClCompile Include="..\..\..\Source\UnitTests\Test_EscapeSequences.cpp">
      <Filter>Source Files</Filter>
    </ClCompile>
    <ClCompile Include="..\..\..\Source\UnitTests\Test_LZ77.cpp">
      <Filter>Source Files</Filter>
    </ClCompile>
    <ClCompile Include="..\..\..\Source\UnitTests\Test_Persistence.cpp">
      <Filter>Source Files</Filter>
    </ClCompile>
    <ClCompile Include="..\..\..\Source\UnitTests\Test_StringUtils.cpp">
      <Filter>Source Files</Filter>
    </ClCompile>
    <ClCompile Include="..\..\..\Source\UnitTests\Test_TBinaryProtocol.cpp">
      <Filter>Source Files</Filter>
    </ClCompile>
    <ClCompile Include="..\..\..\Source\UnitTests\Test_TCachedFileStream.cpp">
      <Filter>Source Files</Filter>
    </ClCompile>
    <ClCompile Include="..\..\..\Source\UnitTests\Test_TCachedMemoryStream.cpp">
      <Filter>Source Files</Filter>
    </ClCompile>
    <ClCompile Include="..\..\..\Source\UnitTests\Test_TCachedWindowsBmp.cpp">
      <Filter>Source Files</Filter>
    </ClCompile>
    <ClCompile Include="..\..\..\Source\UnitTests\Test_TCanvas.cpp">
      <Filter>Source Files</Filter>
    </ClCompile>
    <ClCompile Include="..\..\..\Source\UnitTests\Test_TColor.cpp">
      <Filter>Source Files</Filter>
    </ClCompile>
    <ClCompile Include="..\..\..\Source\UnitTests\Test_TCompression.cpp">
      <Filter>Source Files</Filter>
    </ClCompile>
    <ClCompile Include="..\..\..\Source\UnitTests\Test_TCustomString.cpp">
      <Filter>Source Files</Filter>
    </ClCompile>
    <ClCompile Include="..\..\..\Source\UnitTests\Test_TDate.cpp">
      <Filter>Source Files</Filter>
    </ClCompile>
    <ClCompile Include="..\..\..\Source\UnitTests\Test_TDateTime.cpp">
      <Filter>Source Files</Filter>
    </ClCompile>
    <ClCompile Include="..\..\..\Source\UnitTests\Test_TDateTimeCounter.cpp">
      <Filter>Source Files</Filter>
    </ClCompile>
    <ClCompile Include="..\..\..\Source\UnitTests\Test_TDictionary.cpp">
      <Filter>Source Files</Filter>
    </ClCompile>
    <ClCompile Include="..\..\..\Source\UnitTests\Test_Template.cpp">
      <Filter>Source Files</Filter>
    </ClCompile>
    <ClCompile Include="..\..\..\Source\UnitTests\Test_TEndlessLine.cpp">
      <Filter>Source Files</Filter>
    </ClCompile>
    <ClCompile Include="..\..\..\Source\UnitTests\Test_TEventSender.cpp">
      <Filter>Source Files</Filter>
    </ClCompile>
    <ClCompile Include="..\..\..\Source\UnitTests\Test_TFilePath.cpp">
      <Filter>Source Files</Filter>
    </ClCompile>
    <ClCompile Include="..\..\..\Source\UnitTests\Test_TFileStream.cpp">
      <Filter>Source Files</Filter>
    </ClCompile>
    <ClCompile Include="..\..\..\Source\UnitTests\Test_TFixedPoint1024.cpp">
      <Filter>Source Files</Filter>
    </ClCompile>
    <ClCompile Include="..\..\..\Source\UnitTests\Test_TFixedPoint128.cpp">
      <Filter>Source Files</Filter>
    </ClCompile>
    <ClCompile Include="..\..\..\Source\UnitTests\Test_TFixedPoint16M.cpp">
      <Filter>Source Files</Filter>
    </ClCompile>
    <ClCompile Include="..\..\..\Source\UnitTests\Test_TFont.cpp">
      <Filter>Source Files</Filter>
    </ClCompile>
    <ClCompile Include="..\..\..\Source\UnitTests\Test_TGraphics.cpp">
      <Filter>Source Files</Filter>
    </ClCompile>
    <ClCompile Include="..\..\..\Source\UnitTests\Test_TJsonDoc.cpp">
      <Filter>Source Files</Filter>
    </ClCompile>
    <ClCompile Include="..\..\..\Source\UnitTests\Test_TList.cpp">
      <Filter>Source Files</Filter>
    </ClCompile>
    <ClCompile Include="..\..\..\Source\UnitTests\Test_TLog.cpp">
      <Filter>Source Files</Filter>
    </ClCompile>
    <ClCompile Include="..\..\..\Source\UnitTests\Test_TMemoryStream.cpp">
      <Filter>Source Files</Filter>
    </ClCompile>
    <ClCompile Include="..\..\..\Source\UnitTests\Test_TObjectList.cpp">
      <Filter>Source Files</Filter>
    </ClCompile>
    <ClCompile Include="..\..\..\Source\UnitTests\Test_TParamString.cpp">
      <Filter>Source Files</Filter>
    </ClCompile>
    <ClCompile Include="..\..\..\Source\UnitTests\Test_TQueue.cpp">
      <Filter>Source Files</Filter>
    </ClCompile>
    <ClCompile Include="..\..\..\Source\UnitTests\Test_TRandom.cpp">
      <Filter>Source Files</Filter>
    </ClCompile>
    <ClCompile Include="..\..\..\Source\UnitTests\Test_TShortString.cpp">
      <Filter>Source Files</Filter>
    </ClCompile>
    <ClCompile Include="..\..\..\Source\UnitTests\Test_TSortedDictionary.cpp">
      <Filter>Source Files</Filter>
    </ClCompile>
    <ClCompile Include="..\..\..\Source\UnitTests\Test_TStack.cpp">
      <Filter>Source Files</Filter>
    </ClCompile>
    <ClCompile Include="..\..\..\Source\UnitTests\Test_TStaticDictionary.cpp">
      <Filter>Source Files</Filter>
    </ClCompile>
    <ClCompile Include="..\..\..\Source\UnitTests\Test_TStaticList.cpp">
      <Filter>Source Files</Filter>
    </ClCompile>
    <ClCompile Include="..\..\..\Source\UnitTests\Test_TString.cpp">
      <Filter>Source Files</Filter>
    </ClCompile>
    <ClCompile Include="..\..\..\Source\UnitTests\Test_TStringList.cpp">
      <Filter>Source Files</Filter>
    </ClCompile>
    <ClCompile Include="..\..\..\Source\UnitTests\Test_TTextFile.cpp">
      <Filter>Source Files</Filter>
    </ClCompile>
    <ClCompile Include="..\..\..\Source\UnitTests\Test_TTime.cpp">
      <Filter>Source Files</Filter>
    </ClCompile>
    <ClCompile Include="..\..\..\Source\UnitTests\Test_TWideString.cpp">
      <Filter>Source Files</Filter>
    </ClCompile>
    <ClCompile Include="..\..\..\Source\UnitTests\Test_TWindowsBmpFile.cpp">
      <Filter>Source Files</Filter>
    </ClCompile>
    <ClCompile Include="..\..\..\Source\UnitTests\Test_TXMLDoc.cpp">
      <Filter>Source Files</Filter>
    </ClCompile>
    <ClCompile Include="..\..\..\Source\UnitTests\Test_TXMLParser.cpp">
      <Filter>Source Files</Filter>
    </ClCompile>
    <ClCompile Include="..\..\..\Source\UnitTests\UnitTests.cpp">
      <Filter>Source Files</Filter>
    </ClCompile>
    <ClCompile Include="..\..\..\Source\UnitTests\Fonts\Amata13.cpp">
      <Filter>Source Files\Fonts</Filter>
    </ClCompile>
    <ClCompile Include="..\..\..\Source\UnitTests\Fonts\Bookman50.cpp">
      <Filter>Source Files\Fonts</Filter>
    </ClCompile>
    <ClCompile Include="..\..\..\Source\UnitTests\Fonts\BrushScript12.cpp">
      <Filter>Source Files\Fonts</Filter>
    </ClCompile>
    <ClCompile Include="..\..\..\Source\UnitTests\Fonts\Robotron.cpp">
      <Filter>Source Files\Fonts</Filter>
    </ClCompile>
    <ClCompile Include="..\..\..\Source\UnitTests\Fonts\ZXSpectrum.cpp">
      <Filter>Source Files\Fonts</Filter>
    </ClCompile>
    <ClCompile Include="..\..\..\Source\UnitTests\PersistenceExample\BaseClass.cpp">
      <Filter>Source Files\PersistenceExample</Filter>
    </ClCompile>
    <ClCompile Include="..\..\..\Source\UnitTests\PersistenceExample\ClassA.cpp">
      <Filter>Source Files\PersistenceExample</Filter>
    </ClCompile>
    <ClCompile Include="..\..\..\Source\UnitTests\PersistenceExample\ClassB.cpp">
      <Filter>Source Files\PersistenceExample</Filter>
    </ClCompile>
    <ClCompile Include="..\..\..\Source\UnitTests\PersistenceExample\ClassC.cpp">
      <Filter>Source Files\PersistenceExample</Filter>
    </ClCompile>
    <ClCompile Include="..\..\..\Source\UnitTests\PersistenceExample\ClassD.cpp">
      <Filter>Source Files\PersistenceExample</Filter>
    </ClCompile>
    <ClCompile Include="..\..\..\Source\UnitTests\PersistenceExample\ClassManagerA.cpp">
      <Filter>Source Files\PersistenceExample</Filter>
    </ClCompile>
    <ClCompile Include="..\..\..\Source\UnitTests\PersistenceExample\ClassManagerB.cpp">
      <Filter>Source Files\PersistenceExample</Filter>
    </ClCompile>
    <ClCompile Include="..\..\..\Source\UnitTests\PersistenceExample\ClassManagerC.cpp">
      <Filter>Source Files\PersistenceExample</Filter>
    </ClCompile>
    <ClCompile Include="..\..\..\Source\UnitTests\PersistenceExample\ClassManagerD.cpp">
      <Filter>Source Files\PersistenceExample</Filter>
    </ClCompile>
    <ClCompile Include="..\..\..\Source\UnitTests\PersistenceExample\MainObject.cpp">
      <Filter>Source Files\PersistenceExample</Filter>
    </ClCompile>
    <ClCompile Include="..\..\..\Source\UnitTests\Test_TTextProtocol.cpp">
      <Filter>Source Files</Filter>
    </ClCompile>
    <ClCompile Include="..\..\..\Source\UnitTests\TWMLog.cpp">
      <Filter>Source Files</Filter>
    </ClCompile>
  </ItemGroup>
  <ItemGroup>
    <ClInclude Include="..\..\..\Source\UnitTests\minicppunit.hxx">
      <Filter>Header Files</Filter>
    </ClInclude>
    <ClInclude Include="..\..\..\Source\UnitTests\UnitTests.h">
      <Filter>Header Files</Filter>
    </ClInclude>
    <ClInclude Include="..\..\..\Source\UnitTests\Fonts\Amata13.h">
      <Filter>Header Files\Fonts</Filter>
    </ClInclude>
    <ClInclude Include="..\..\..\Source\UnitTests\Fonts\Bookman50.h">
      <Filter>Header Files\Fonts</Filter>
    </ClInclude>
    <ClInclude Include="..\..\..\Source\UnitTests\Fonts\BrushScript12.h">
      <Filter>Header Files\Fonts</Filter>
    </ClInclude>
    <ClInclude Include="..\..\..\Source\UnitTests\Fonts\Robotron.h">
      <Filter>Header Files\Fonts</Filter>
    </ClInclude>
    <ClInclude Include="..\..\..\Source\UnitTests\Fonts\ZXSpectrum.h">
      <Filter>Header Files\Fonts</Filter>
    </ClInclude>
    <ClInclude Include="..\..\..\Source\UnitTests\PersistenceExample\BaseClass.h">
      <Filter>Header Files\PersistenceExample</Filter>
    </ClInclude>
    <ClInclude Include="..\..\..\Source\UnitTests\PersistenceExample\ClassA.h">
      <Filter>Header Files\PersistenceExample</Filter>
    </ClInclude>
    <ClInclude Include="..\..\..\Source\UnitTests\PersistenceExample\ClassB.h">
      <Filter>Header Files\PersistenceExample</Filter>
    </ClInclude>
    <ClInclude Include="..\..\..\Source\UnitTests\PersistenceExample\ClassC.h">
      <Filter>Header Files\PersistenceExample</Filter>
    </ClInclude>
    <ClInclude Include="..\..\..\Source\UnitTests\PersistenceExample\ClassD.h">
      <Filter>Header Files\PersistenceExample</Filter>
    </ClInclude>
    <ClInclude Include="..\..\..\Source\UnitTests\PersistenceExample\ClassManagerA.h">
      <Filter>Header Files\PersistenceExample</Filter>
    </ClInclude>
    <ClInclude Include="..\..\..\Source\UnitTests\PersistenceExample\ClassManagerB.h">
      <Filter>Header Files\PersistenceExample</Filter>
    </ClInclude>
    <ClInclude Include="..\..\..\Source\UnitTests\PersistenceExample\ClassManagerC.h">
      <Filter>Header Files\PersistenceExample</Filter>
    </ClInclude>
    <ClInclude Include="..\..\..\Source\UnitTests\PersistenceExample\ClassManagerD.h">
      <Filter>Header Files\PersistenceExample</Filter>
    </ClInclude>
    <ClInclude Include="..\..\..\Source\UnitTests\PersistenceExample\MainObject.h">
      <Filter>Header Files\PersistenceExample</Filter>
    </ClInclude>
  </ItemGroup>
</Project>