
Microsoft Visual Studio Solution File, Format Version 10.00
# Visual Studio 2008
Project("{8BC9CEB8-8B4A-11D0-8D11-00A0C91BC942}") = "FileToCarray", "FileCompressor.vcproj", "{FDC286B6-C3F6-43E8-B65C-470CB747CA0F}"
EndProject
Project("{8BC9CEB8-8B4A-11D0-8D11-00A0C91BC942}") = "BasicTypes", "..\..\IDE\VS9-2008\BasicTypes\BasicTypes.vcproj", "{30E0F53B-D83C-47AD-B87A-3435F5AEFF05}"
EndProject
Project("{8BC9CEB8-8B4A-11D0-8D11-00A0C91BC942}") = "FileUtils", "..\..\IDE\VS9-2008\FileUtils\FileUtils.vcproj", "{7BEA2081-BBEA-4B13-B3E9-5F8BCBEA9C2C}"
EndProject
Global
	GlobalSection(SolutionConfigurationPlatforms) = preSolution
		Debug|Win32 = Debug|Win32
		Release|Win32 = Release|Win32
	EndGlobalSection
	GlobalSection(ProjectConfigurationPlatforms) = postSolution
		{FDC286B6-C3F6-43E8-B65C-470CB747CA0F}.Debug|Win32.ActiveCfg = Debug|Win32
		{FDC286B6-C3F6-43E8-B65C-470CB747CA0F}.Debug|Win32.Build.0 = Debug|Win32
		{FDC286B6-C3F6-43E8-B65C-470CB747CA0F}.Release|Win32.ActiveCfg = Release|Win32
		{FDC286B6-C3F6-43E8-B65C-470CB747CA0F}.Release|Win32.Build.0 = Release|Win32
		{30E0F53B-D83C-47AD-B87A-3435F5AEFF05}.Debug|Win32.ActiveCfg = Debug|Win32
		{30E0F53B-D83C-47AD-B87A-3435F5AEFF05}.Debug|Win32.Build.0 = Debug|Win32
		{30E0F53B-D83C-47AD-B87A-3435F5AEFF05}.Release|Win32.ActiveCfg = Release|Win32
		{30E0F53B-D83C-47AD-B87A-3435F5AEFF05}.Release|Win32.Build.0 = Release|Win32
		{7BEA2081-BBEA-4B13-B3E9-5F8BCBEA9C2C}.Debug|Win32.ActiveCfg = Debug|Win32
		{7BEA2081-BBEA-4B13-B3E9-5F8BCBEA9C2C}.Debug|Win32.Build.0 = Debug|Win32
		{7BEA2081-BBEA-4B13-B3E9-5F8BCBEA9C2C}.Release|Win32.ActiveCfg = Release|Win32
		{7BEA2081-BBEA-4B13-B3E9-5F8BCBEA9C2C}.Release|Win32.Build.0 = Release|Win32
	EndGlobalSection
	GlobalSection(SolutionProperties) = preSolution
		HideSolutionNode = FALSE
	EndGlobalSection
EndGlobal
