
Microsoft Visual Studio Solution File, Format Version 10.00
# Visual Studio 2008
Project("{8BC9CEB8-8B4A-11D0-8D11-00A0C91BC942}") = "TcpClient", "TcpClient\TcpClient.vcproj", "{AA55E217-C8D4-4F73-8E40-063D2BC9848A}"
EndProject
Project("{8BC9CEB8-8B4A-11D0-8D11-00A0C91BC942}") = "TcpClient_Async", "TcpClient_Async\TcpClient_Async.vcproj", "{82069349-E194-4F7D-AC9C-3DC344312149}"
EndProject
Project("{8BC9CEB8-8B4A-11D0-8D11-00A0C91BC942}") = "TcpServer", "TcpServer\TcpServer.vcproj", "{5C07006F-B318-42D1-B868-3BEB883B0745}"
EndProject
Project("{8BC9CEB8-8B4A-11D0-8D11-00A0C91BC942}") = "TcpServer_Callback", "TcpServer_Callback\TcpServer_Callback.vcproj", "{B37C8447-E124-4E7C-99FE-45AC6D1D7B18}"
EndProject
Project("{8BC9CEB8-8B4A-11D0-8D11-00A0C91BC942}") = "TcpClient_UnstableConnection", "TcpClient_UnstableConnection\TcpClient_UnstableConnection.vcproj", "{2FBF9EEB-8C72-409C-AB9F-05DF70F52CB9}"
EndProject
Global
	GlobalSection(SolutionConfigurationPlatforms) = preSolution
		Debug|Win32 = Debug|Win32
		Release|Win32 = Release|Win32
	EndGlobalSection
	GlobalSection(ProjectConfigurationPlatforms) = postSolution
		{AA55E217-C8D4-4F73-8E40-063D2BC9848A}.Debug|Win32.ActiveCfg = Debug|Win32
		{AA55E217-C8D4-4F73-8E40-063D2BC9848A}.Debug|Win32.Build.0 = Debug|Win32
		{AA55E217-C8D4-4F73-8E40-063D2BC9848A}.Release|Win32.ActiveCfg = Release|Win32
		{AA55E217-C8D4-4F73-8E40-063D2BC9848A}.Release|Win32.Build.0 = Release|Win32
		{82069349-E194-4F7D-AC9C-3DC344312149}.Debug|Win32.ActiveCfg = Debug|Win32
		{82069349-E194-4F7D-AC9C-3DC344312149}.Debug|Win32.Build.0 = Debug|Win32
		{82069349-E194-4F7D-AC9C-3DC344312149}.Release|Win32.ActiveCfg = Release|Win32
		{82069349-E194-4F7D-AC9C-3DC344312149}.Release|Win32.Build.0 = Release|Win32
		{5C07006F-B318-42D1-B868-3BEB883B0745}.Debug|Win32.ActiveCfg = Debug|Win32
		{5C07006F-B318-42D1-B868-3BEB883B0745}.Debug|Win32.Build.0 = Debug|Win32
		{5C07006F-B318-42D1-B868-3BEB883B0745}.Release|Win32.ActiveCfg = Release|Win32
		{5C07006F-B318-42D1-B868-3BEB883B0745}.Release|Win32.Build.0 = Release|Win32
		{B37C8447-E124-4E7C-99FE-45AC6D1D7B18}.Debug|Win32.ActiveCfg = Debug|Win32
		{B37C8447-E124-4E7C-99FE-45AC6D1D7B18}.Debug|Win32.Build.0 = Debug|Win32
		{B37C8447-E124-4E7C-99FE-45AC6D1D7B18}.Release|Win32.ActiveCfg = Release|Win32
		{B37C8447-E124-4E7C-99FE-45AC6D1D7B18}.Release|Win32.Build.0 = Release|Win32
		{2FBF9EEB-8C72-409C-AB9F-05DF70F52CB9}.Debug|Win32.ActiveCfg = Debug|Win32
		{2FBF9EEB-8C72-409C-AB9F-05DF70F52CB9}.Debug|Win32.Build.0 = Debug|Win32
		{2FBF9EEB-8C72-409C-AB9F-05DF70F52CB9}.Release|Win32.ActiveCfg = Release|Win32
		{2FBF9EEB-8C72-409C-AB9F-05DF70F52CB9}.Release|Win32.Build.0 = Release|Win32
	EndGlobalSection
	GlobalSection(SolutionProperties) = preSolution
		HideSolutionNode = FALSE
	EndGlobalSection
EndGlobal
