
Microsoft Visual Studio Solution File, Format Version 9.00
# Visual Studio 2005
Project("{8BC9CEB8-8B4A-11D0-8D11-00A0C91BC942}") = "Collections", "Collections\Collections.vcproj", "{D48E5DC3-4BBA-4103-A1D8-E5AE0D03526B}"
EndProject
Project("{8BC9CEB8-8B4A-11D0-8D11-00A0C91BC942}") = "BasicTypes", "BasicTypes\BasicTypes.vcproj", "{3DA6170F-15DC-40EC-A751-57319AE8F2AD}"
EndProject
Project("{8BC9CEB8-8B4A-11D0-8D11-00A0C91BC942}") = "Graphics", "Graphics\Graphics.vcproj", "{A5834A10-0DB8-4F00-8477-FE458A278129}"
	ProjectSection(ProjectDependencies) = postProject
		{3DA6170F-15DC-40EC-A751-57319AE8F2AD} = {3DA6170F-15DC-40EC-A751-57319AE8F2AD}
		{D48E5DC3-4BBA-4103-A1D8-E5AE0D03526B} = {D48E5DC3-4BBA-4103-A1D8-E5AE0D03526B}
	EndProjectSection
EndProject
Project("{8BC9CEB8-8B4A-11D0-8D11-00A0C91BC942}") = "Math", "Math\Math.vcproj", "{96758769-1625-4CA1-A510-B6B55EB93224}"
EndProject
Project("{8BC9CEB8-8B4A-11D0-8D11-00A0C91BC942}") = "Persistence", "Persistence\Persistence.vcproj", "{FD513E84-BCA6-4A14-9336-EE9D87C835B5}"
	ProjectSection(ProjectDependencies) = postProject
		{3DA6170F-15DC-40EC-A751-57319AE8F2AD} = {3DA6170F-15DC-40EC-A751-57319AE8F2AD}
		{09796F7B-7C0F-49A7-907A-25C1EB6491F0} = {09796F7B-7C0F-49A7-907A-25C1EB6491F0}
		{D48E5DC3-4BBA-4103-A1D8-E5AE0D03526B} = {D48E5DC3-4BBA-4103-A1D8-E5AE0D03526B}
	EndProjectSection
EndProject
Project("{8BC9CEB8-8B4A-11D0-8D11-00A0C91BC942}") = "FileUtils", "FileUtils\FileUtils.vcproj", "{09796F7B-7C0F-49A7-907A-25C1EB6491F0}"
	ProjectSection(ProjectDependencies) = postProject
		{3DA6170F-15DC-40EC-A751-57319AE8F2AD} = {3DA6170F-15DC-40EC-A751-57319AE8F2AD}
		{D48E5DC3-4BBA-4103-A1D8-E5AE0D03526B} = {D48E5DC3-4BBA-4103-A1D8-E5AE0D03526B}
	EndProjectSection
EndProject
Project("{8BC9CEB8-8B4A-11D0-8D11-00A0C91BC942}") = "Protocols", "Protocols\Protocols.vcproj", "{ED36E9B3-C88C-424B-9F5F-9AEE2F8CA116}"
	ProjectSection(ProjectDependencies) = postProject
		{3DA6170F-15DC-40EC-A751-57319AE8F2AD} = {3DA6170F-15DC-40EC-A751-57319AE8F2AD}
	EndProjectSection
EndProject
Project("{8BC9CEB8-8B4A-11D0-8D11-00A0C91BC942}") = "UnitTests", "UnitTests\UnitTests.vcproj", "{4746CBA5-A304-464D-97D3-84263102A08E}"
	ProjectSection(ProjectDependencies) = postProject
		{3DA6170F-15DC-40EC-A751-57319AE8F2AD} = {3DA6170F-15DC-40EC-A751-57319AE8F2AD}
		{A5834A10-0DB8-4F00-8477-FE458A278129} = {A5834A10-0DB8-4F00-8477-FE458A278129}
		{96758769-1625-4CA1-A510-B6B55EB93224} = {96758769-1625-4CA1-A510-B6B55EB93224}
		{09796F7B-7C0F-49A7-907A-25C1EB6491F0} = {09796F7B-7C0F-49A7-907A-25C1EB6491F0}
		{FD513E84-BCA6-4A14-9336-EE9D87C835B5} = {FD513E84-BCA6-4A14-9336-EE9D87C835B5}
		{ED36E9B3-C88C-424B-9F5F-9AEE2F8CA116} = {ED36E9B3-C88C-424B-9F5F-9AEE2F8CA116}
		{D48E5DC3-4BBA-4103-A1D8-E5AE0D03526B} = {D48E5DC3-4BBA-4103-A1D8-E5AE0D03526B}
	EndProjectSection
EndProject
Global
	GlobalSection(SolutionConfigurationPlatforms) = preSolution
		Debug|Win32 = Debug|Win32
		Release|Win32 = Release|Win32
	EndGlobalSection
	GlobalSection(ProjectConfigurationPlatforms) = postSolution
		{D48E5DC3-4BBA-4103-A1D8-E5AE0D03526B}.Debug|Win32.ActiveCfg = Debug|Win32
		{D48E5DC3-4BBA-4103-A1D8-E5AE0D03526B}.Debug|Win32.Build.0 = Debug|Win32
		{D48E5DC3-4BBA-4103-A1D8-E5AE0D03526B}.Release|Win32.ActiveCfg = Release|Win32
		{D48E5DC3-4BBA-4103-A1D8-E5AE0D03526B}.Release|Win32.Build.0 = Release|Win32
		{3DA6170F-15DC-40EC-A751-57319AE8F2AD}.Debug|Win32.ActiveCfg = Debug|Win32
		{3DA6170F-15DC-40EC-A751-57319AE8F2AD}.Debug|Win32.Build.0 = Debug|Win32
		{3DA6170F-15DC-40EC-A751-57319AE8F2AD}.Release|Win32.ActiveCfg = Release|Win32
		{3DA6170F-15DC-40EC-A751-57319AE8F2AD}.Release|Win32.Build.0 = Release|Win32
		{A5834A10-0DB8-4F00-8477-FE458A278129}.Debug|Win32.ActiveCfg = Debug|Win32
		{A5834A10-0DB8-4F00-8477-FE458A278129}.Debug|Win32.Build.0 = Debug|Win32
		{A5834A10-0DB8-4F00-8477-FE458A278129}.Release|Win32.ActiveCfg = Release|Win32
		{A5834A10-0DB8-4F00-8477-FE458A278129}.Release|Win32.Build.0 = Release|Win32
		{96758769-1625-4CA1-A510-B6B55EB93224}.Debug|Win32.ActiveCfg = Debug|Win32
		{96758769-1625-4CA1-A510-B6B55EB93224}.Debug|Win32.Build.0 = Debug|Win32
		{96758769-1625-4CA1-A510-B6B55EB93224}.Release|Win32.ActiveCfg = Release|Win32
		{96758769-1625-4CA1-A510-B6B55EB93224}.Release|Win32.Build.0 = Release|Win32
		{FD513E84-BCA6-4A14-9336-EE9D87C835B5}.Debug|Win32.ActiveCfg = Debug|Win32
		{FD513E84-BCA6-4A14-9336-EE9D87C835B5}.Debug|Win32.Build.0 = Debug|Win32
		{FD513E84-BCA6-4A14-9336-EE9D87C835B5}.Release|Win32.ActiveCfg = Release|Win32
		{FD513E84-BCA6-4A14-9336-EE9D87C835B5}.Release|Win32.Build.0 = Release|Win32
		{09796F7B-7C0F-49A7-907A-25C1EB6491F0}.Debug|Win32.ActiveCfg = Debug|Win32
		{09796F7B-7C0F-49A7-907A-25C1EB6491F0}.Debug|Win32.Build.0 = Debug|Win32
		{09796F7B-7C0F-49A7-907A-25C1EB6491F0}.Release|Win32.ActiveCfg = Release|Win32
		{09796F7B-7C0F-49A7-907A-25C1EB6491F0}.Release|Win32.Build.0 = Release|Win32
		{ED36E9B3-C88C-424B-9F5F-9AEE2F8CA116}.Debug|Win32.ActiveCfg = Debug|Win32
		{ED36E9B3-C88C-424B-9F5F-9AEE2F8CA116}.Debug|Win32.Build.0 = Debug|Win32
		{ED36E9B3-C88C-424B-9F5F-9AEE2F8CA116}.Release|Win32.ActiveCfg = Release|Win32
		{ED36E9B3-C88C-424B-9F5F-9AEE2F8CA116}.Release|Win32.Build.0 = Release|Win32
		{4746CBA5-A304-464D-97D3-84263102A08E}.Debug|Win32.ActiveCfg = Debug|Win32
		{4746CBA5-A304-464D-97D3-84263102A08E}.Debug|Win32.Build.0 = Debug|Win32
		{4746CBA5-A304-464D-97D3-84263102A08E}.Release|Win32.ActiveCfg = Release|Win32
		{4746CBA5-A304-464D-97D3-84263102A08E}.Release|Win32.Build.0 = Release|Win32
	EndGlobalSection
	GlobalSection(SolutionProperties) = preSolution
		HideSolutionNode = FALSE
	EndGlobalSection
EndGlobal
