
Microsoft Visual Studio Solution File, Format Version 12.00
# Visual Studio 2012
Project("{8BC9CEB8-8B4A-11D0-8D11-00A0C91BC942}") = "BasicTypes", "BasicTypes\BasicTypes.vcxproj", "{30E0F53B-D83C-47AD-B87A-3435F5AEFF05}"
EndProject
Project("{8BC9CEB8-8B4A-11D0-8D11-00A0C91BC942}") = "Collections", "Collections\Collections.vcxproj", "{40F9B515-20BE-4083-8863-F58ADDC88A7A}"
EndProject
Project("{8BC9CEB8-8B4A-11D0-8D11-00A0C91BC942}") = "FileUtils", "FileUtils\FileUtils.vcxproj", "{7BEA2081-BBEA-4B13-B3E9-5F8BCBEA9C2C}"
EndProject
Project("{8BC9CEB8-8B4A-11D0-8D11-00A0C91BC942}") = "Graphics", "Graphics\Graphics.vcxproj", "{5E58B6C6-8D64-4B50-A191-DB500D3D572F}"
	ProjectSection(ProjectDependencies) = postProject
		{A2C407C4-67B6-4827-BDDB-CDD5AFFB299F} = {A2C407C4-67B6-4827-BDDB-CDD5AFFB299F}
	EndProjectSection
EndProject
Project("{8BC9CEB8-8B4A-11D0-8D11-00A0C91BC942}") = "Math", "Math\Math.vcxproj", "{A2C407C4-67B6-4827-BDDB-CDD5AFFB299F}"
EndProject
Project("{8BC9CEB8-8B4A-11D0-8D11-00A0C91BC942}") = "Persistence", "Persistence\Persistence.vcxproj", "{7977D3CD-1B4C-496C-ACDE-205379FA4FD0}"
	ProjectSection(ProjectDependencies) = postProject
		{7BEA2081-BBEA-4B13-B3E9-5F8BCBEA9C2C} = {7BEA2081-BBEA-4B13-B3E9-5F8BCBEA9C2C}
	EndProjectSection
EndProject
Project("{8BC9CEB8-8B4A-11D0-8D11-00A0C91BC942}") = "Protocols", "Protocols\Protocols.vcxproj", "{B51F88F6-1359-4CCA-8D32-EFD50A1666D5}"
EndProject
Project("{8BC9CEB8-8B4A-11D0-8D11-00A0C91BC942}") = "UnitTests", "UnitTests\UnitTests.vcxproj", "{E99163D1-E6A9-46CB-85E7-437D2333EA47}"
EndProject
Global
	GlobalSection(SolutionConfigurationPlatforms) = preSolution
		Debug|Win32 = Debug|Win32
		Release|Win32 = Release|Win32
	EndGlobalSection
	GlobalSection(ProjectConfigurationPlatforms) = postSolution
		{30E0F53B-D83C-47AD-B87A-3435F5AEFF05}.Debug|Win32.ActiveCfg = Debug|Win32
		{30E0F53B-D83C-47AD-B87A-3435F5AEFF05}.Debug|Win32.Build.0 = Debug|Win32
		{30E0F53B-D83C-47AD-B87A-3435F5AEFF05}.Release|Win32.ActiveCfg = Release|Win32
		{30E0F53B-D83C-47AD-B87A-3435F5AEFF05}.Release|Win32.Build.0 = Release|Win32
		{40F9B515-20BE-4083-8863-F58ADDC88A7A}.Debug|Win32.ActiveCfg = Debug|Win32
		{40F9B515-20BE-4083-8863-F58ADDC88A7A}.Debug|Win32.Build.0 = Debug|Win32
		{40F9B515-20BE-4083-8863-F58ADDC88A7A}.Release|Win32.ActiveCfg = Release|Win32
		{40F9B515-20BE-4083-8863-F58ADDC88A7A}.Release|Win32.Build.0 = Release|Win32
		{7BEA2081-BBEA-4B13-B3E9-5F8BCBEA9C2C}.Debug|Win32.ActiveCfg = Debug|Win32
		{7BEA2081-BBEA-4B13-B3E9-5F8BCBEA9C2C}.Debug|Win32.Build.0 = Debug|Win32
		{7BEA2081-BBEA-4B13-B3E9-5F8BCBEA9C2C}.Release|Win32.ActiveCfg = Release|Win32
		{7BEA2081-BBEA-4B13-B3E9-5F8BCBEA9C2C}.Release|Win32.Build.0 = Release|Win32
		{5E58B6C6-8D64-4B50-A191-DB500D3D572F}.Debug|Win32.ActiveCfg = Debug|Win32
		{5E58B6C6-8D64-4B50-A191-DB500D3D572F}.Debug|Win32.Build.0 = Debug|Win32
		{5E58B6C6-8D64-4B50-A191-DB500D3D572F}.Release|Win32.ActiveCfg = Release|Win32
		{5E58B6C6-8D64-4B50-A191-DB500D3D572F}.Release|Win32.Build.0 = Release|Win32
		{A2C407C4-67B6-4827-BDDB-CDD5AFFB299F}.Debug|Win32.ActiveCfg = Debug|Win32
		{A2C407C4-67B6-4827-BDDB-CDD5AFFB299F}.Debug|Win32.Build.0 = Debug|Win32
		{A2C407C4-67B6-4827-BDDB-CDD5AFFB299F}.Release|Win32.ActiveCfg = Release|Win32
		{A2C407C4-67B6-4827-BDDB-CDD5AFFB299F}.Release|Win32.Build.0 = Release|Win32
		{7977D3CD-1B4C-496C-ACDE-205379FA4FD0}.Debug|Win32.ActiveCfg = Debug|Win32
		{7977D3CD-1B4C-496C-ACDE-205379FA4FD0}.Debug|Win32.Build.0 = Debug|Win32
		{7977D3CD-1B4C-496C-ACDE-205379FA4FD0}.Release|Win32.ActiveCfg = Release|Win32
		{7977D3CD-1B4C-496C-ACDE-205379FA4FD0}.Release|Win32.Build.0 = Release|Win32
		{B51F88F6-1359-4CCA-8D32-EFD50A1666D5}.Debug|Win32.ActiveCfg = Debug|Win32
		{B51F88F6-1359-4CCA-8D32-EFD50A1666D5}.Debug|Win32.Build.0 = Debug|Win32
		{B51F88F6-1359-4CCA-8D32-EFD50A1666D5}.Release|Win32.ActiveCfg = Release|Win32
		{B51F88F6-1359-4CCA-8D32-EFD50A1666D5}.Release|Win32.Build.0 = Release|Win32
		{E99163D1-E6A9-46CB-85E7-437D2333EA47}.Debug|Win32.ActiveCfg = Debug|Win32
		{E99163D1-E6A9-46CB-85E7-437D2333EA47}.Debug|Win32.Build.0 = Debug|Win32
		{E99163D1-E6A9-46CB-85E7-437D2333EA47}.Release|Win32.ActiveCfg = Release|Win32
		{E99163D1-E6A9-46CB-85E7-437D2333EA47}.Release|Win32.Build.0 = Release|Win32
	EndGlobalSection
	GlobalSection(SolutionProperties) = preSolution
		HideSolutionNode = FALSE
	EndGlobalSection
EndGlobal
